<?xml version="1.0" encoding="UTF-8" standalone="yes" ?>
<CodeBlocks_project_file>
	<FileVersion major="1" minor="6" />
	<Project>
		<Option title="thekbd" />
		<Option pch_mode="2" />
		<Option compiler="avr-gcc" />
		<Build>
			<Target title="mk1 Arduino Uno">
				<Option output="bin/mk1_uno/thekbd.elf" prefix_auto="1" extension_auto="0" />
				<Option object_output=".objs/mk1_uno" />
				<Option type="1" />
				<Option compiler="avr-gcc" />
				<Compiler>
					<Add option="-Os" />
					<Add option="-mmcu=$(MCU)" />
					<Add option="-DF_CPU=16000000L" />
					<Add option="-D__AVR_ATmega328P__" />
					<Add option="-DTHEKBD_RELEASE=1" />
					<Add directory="$(ARDUINO_DIR)/hardware/arduino/avr/cores/arduino" />
					<Add directory="$(ARDUINO_DIR)/avr/libraries" />
					<Add directory="$(ARDUINO_DIR)/hardware/arduino/avr/variants/micro" />
				</Compiler>
				<Linker>
					<Add option="-s" />
					<Add option="-mmcu=$(MCU)" />
					<Add option="-lm" />
				</Linker>
				<ExtraCommands>
					<Add after='avr-objcopy -O ihex -R .eeprom -R .eesafe &quot;$(TARGET_OUTPUT_FILE)&quot; &quot;$(TARGET_OUTPUT_FILE).hex&quot;' />
					<Add after='avr-objcopy --no-change-warnings -j .eeprom --change-section-lma .eeprom=0 -O ihex &quot;$(TARGET_OUTPUT_FILE)&quot; &quot;$(TARGET_OUTPUT_FILE).eep.hex&quot;' />
					<Add after='avr-size &quot;$(TARGET_OUTPUT_FILE)&quot;' />
					<Add after="avrdude -V -C /etc/avrdude.conf -p${MCU} -carduino -P${UPLOAD_PORT} -b${UPLOAD_BAUDRATE} -D -Uflash:w:${TARGET_OUTPUT_DIR}${TARGET_OUTPUT_BASENAME}.elf.hex:i" />
				</ExtraCommands>
				<Environment>
					<Variable name="ARDUINO_DIR" value="$(HOME)/.config/codeblocks/arduino" />
					<Variable name="BOARD" value="Arduino Uno" />
					<Variable name="BOARD_ID" value="uno" />
					<Variable name="MCU" value="atmega328p" />
					<Variable name="UPLOAD_BAUDRATE" value="115200" />
					<Variable name="UPLOAD_PORT" value="/dev/ttyACM0" />
				</Environment>
			</Target>
			<Target title="mk1 Arduino Micro">
				<Option output="bin/mk1_micro/thekbd.elf" prefix_auto="1" extension_auto="0" />
				<Option object_output=".objs/mk1_micro" />
				<Option type="1" />
				<Option compiler="avr-gcc" />
				<Compiler>
					<Add option="-Os" />
					<Add option="-mmcu=$(MCU)" />
					<Add option="-DF_CPU=16000000L" />
					<Add option="-D__AVR_ATmega32U4__" />
					<Add option="-DUSB_VID=0x2341" />
					<Add option="-DUSB_PID=0x803C" />
					<Add option="-DTHEKBD_RELEASE=1" />
					<Add directory="$(ARDUINO_DIR)/hardware/arduino/avr/cores/arduino" />
					<Add directory="$(ARDUINO_DIR)/avr/libraries" />
					<Add directory="$(ARDUINO_DIR)/hardware/arduino/avr/variants/micro" />
				</Compiler>
				<Linker>
					<Add option="-s" />
					<Add option="-mmcu=$(MCU)" />
					<Add option="-lm" />
				</Linker>
				<ExtraCommands>
					<Add after='avr-objcopy -O ihex -R .eeprom -R .eesafe &quot;$(TARGET_OUTPUT_FILE)&quot; &quot;$(TARGET_OUTPUT_FILE).hex&quot;' />
					<Add after='avr-objcopy --no-change-warnings -j .eeprom --change-section-lma .eeprom=0 -O ihex &quot;$(TARGET_OUTPUT_FILE)&quot; &quot;$(TARGET_OUTPUT_FILE).eep.hex&quot;' />
					<Add after='avr-size &quot;$(TARGET_OUTPUT_FILE)&quot;' />
					<Add after="stty -F ${UPLOAD_PORT} 1200" />
					<Add after="sleep 2" />
					<Add after="avrdude -V -C /etc/avrdude.conf -p${MCU} -cavr109 -P${UPLOAD_PORT} -b${UPLOAD_BAUDRATE} -D -Uflash:w:${TARGET_OUTPUT_DIR}${TARGET_OUTPUT_BASENAME}.elf.hex:i" />
				</ExtraCommands>
				<Environment>
					<Variable name="ARDUINO_DIR" value="$(HOME)/.config/codeblocks/arduino" />
					<Variable name="BOARD" value="Arduino Micro" />
					<Variable name="BOARD_ID" value="micro" />
					<Variable name="MCU" value="atmega32u4" />
					<Variable name="UPLOAD_BAUDRATE" value="57600" />
					<Variable name="UPLOAD_PORT" value="/dev/ttyACM0" />
				</Environment>
			</Target>
			<Target title="mk2 Arduino Micro">
				<Option output="bin/mk2_micro/thekbd.elf" prefix_auto="1" extension_auto="0" />
				<Option object_output=".objs/mk2_micro" />
				<Option type="1" />
				<Option compiler="avr-gcc" />
				<Compiler>
					<Add option="-Os" />
					<Add option="-mmcu=$(MCU)" />
					<Add option="-DF_CPU=16000000L" />
					<Add option="-D__AVR_ATmega32U4__" />
					<Add option="-DUSB_VID=0x1ffb" />
					<Add option="-DUSB_PID=0x2300" />
					<Add option="-DTHEKBD_RELEASE=2" />
					<Add directory="$(ARDUINO_DIR)/hardware/arduino/avr/cores/arduino" />
					<Add directory="$(ARDUINO_DIR)/hardware/arduino/avr/variants/micro" />
					<Add directory="$(ARDUINO_DIR)/hardware/arduino/avr/libraries/HID/src" />
					<Add directory="$(ARDUINO_DIR)/hardware/arduino/avr/libraries/SPI/src" />
					<Add directory="$(ARDUINO_DIR)/hardware/arduino/avr/libraries/SoftwareSerial/src" />
					<Add directory="$(ARDUINO_DIR)/hardware/arduino/avr/libraries/Wire/src" />
					<Add directory="$(ARDUINO_DIR)/hardware/arduino/avr/libraries/Wire/src/utility" />
				</Compiler>
				<Linker>
					<Add option="-s" />
					<Add option="-mmcu=$(MCU)" />
					<Add option="-lm" />
				</Linker>
				<ExtraCommands>
					<Add after='avr-objcopy -O ihex -R .eeprom -R .eesafe &quot;$(TARGET_OUTPUT_FILE)&quot; &quot;$(TARGET_OUTPUT_FILE).hex&quot;' />
					<Add after='avr-objcopy --no-change-warnings -j .eeprom --change-section-lma .eeprom=0 -O ihex &quot;$(TARGET_OUTPUT_FILE)&quot; &quot;$(TARGET_OUTPUT_FILE).eep.hex&quot;' />
					<Add after='avr-size &quot;$(TARGET_OUTPUT_FILE)&quot;' />
					<Add after="stty -F ${UPLOAD_PORT} 1200" />
					<Add after="sleep 2" />
					<Add after="avrdude -V -C /etc/avrdude.conf -p${MCU} -cavr109 -P${UPLOAD_PORT} -b${UPLOAD_BAUDRATE} -D -Uflash:w:${TARGET_OUTPUT_DIR}${TARGET_OUTPUT_BASENAME}.elf.hex:i" />
				</ExtraCommands>
				<Environment>
					<Variable name="ARDUINO_DIR" value="$(#arduino)" />
					<Variable name="BOARD" value="Pololu A-Star 32U4" />
					<Variable name="BOARD_ID" value="micro" />
					<Variable name="MCU" value="atmega32u4" />
					<Variable name="UPLOAD_BAUDRATE" value="57600" />
					<Variable name="UPLOAD_PORT" value="/dev/ttyACM1___" />
				</Environment>
			</Target>
		</Build>
		<Compiler>
			<Add option="-Os" />
			<Add option="-Wall" />
			<Add option="-fno-exceptions" />
			<Add option="-ffunction-sections" />
			<Add option="-fdata-sections" />
			<Add option="-std=c++11" />
			<Add option="-fno-threadsafe-statics" />
			<Add option="-fno-fat-lto-objects -flto" />
			<Add option="-DARDUINO=10609" />
			<Add option="-DTWI_FREQ=400000L" />
			<Add option="-DUSE_EEPROM=0" />
			<Add option="-DUSE_ETHERNET=0" />
			<Add option="-DUSE_FIRMATA=0" />
			<Add option="-DUSE_FLASH=0" />
			<Add option="-DUSE_LCD=0" />
			<Add option="-DUSE_LCD4884=0" />
			<Add option="-DUSE_OBD=0" />
			<Add option="-DUSE_SD=0" />
			<Add option="-DUSE_SERVO=0" />
			<Add option="-DUSE_SOFTSERIAL=0" />
			<Add option="-DUSE_SPI=0" />
			<Add option="-DUSE_STEPPER=0" />
			<Add option="-DUSE_TINYGPS=0" />
			<Add option="-DUSE_WIRE=1" />
			<Add directory="." />
			<Add directory="$(ARDUINO_DIR)/hardware/arduino/avr/libraries/EEPROM/src" />
			<Add directory="$(ARDUINO_DIR)/hardware/arduino/avr/libraries/Ethernet/src" />
			<Add directory="$(ARDUINO_DIR)/hardware/arduino/avr/libraries/Firmata/src" />
			<Add directory="$(ARDUINO_DIR)/hardware/arduino/avr/libraries/Flash/src" />
			<Add directory="$(ARDUINO_DIR)/hardware/arduino/avr/libraries/HID/src" />
			<Add directory="$(ARDUINO_DIR)/hardware/arduino/avr/libraries/LCD4884/src" />
			<Add directory="$(ARDUINO_DIR)/hardware/arduino/avr/libraries/LCD4Bit_mod/src" />
			<Add directory="$(ARDUINO_DIR)/hardware/arduino/avr/libraries/LiquidCrystal/src" />
			<Add directory="$(ARDUINO_DIR)/hardware/arduino/avr/libraries/SD/src" />
			<Add directory="$(ARDUINO_DIR)/hardware/arduino/avr/libraries/SD/utility/src" />
			<Add directory="$(ARDUINO_DIR)/hardware/arduino/avr/libraries/Servo/src" />
			<Add directory="$(ARDUINO_DIR)/hardware/arduino/avr/libraries/SevenSegment/src" />
			<Add directory="$(ARDUINO_DIR)/hardware/arduino/avr/libraries/SoftwareSerial/src" />
			<Add directory="$(ARDUINO_DIR)/hardware/arduino/avr/libraries/SPI/src" />
			<Add directory="$(ARDUINO_DIR)/hardware/arduino/avr/libraries/Stepper/src" />
			<Add directory="$(ARDUINO_DIR)/hardware/arduino/avr/libraries/TinyGPS/src" />
			<Add directory="$(ARDUINO_DIR)/hardware/arduino/avr/libraries/Wire/src" />
			<Add directory="$(ARDUINO_DIR)/hardware/arduino/avr/libraries/Wire/src/utility" />
			<Add directory="libraries/HID/src" />
		</Compiler>
		<Linker>
			<Add option="-s" />
			<Add option="-Wl,--gc-sections" />
			<Add option="-flto -Os" />
		</Linker>
		<Unit filename="README.md" />
		<Unit filename="constants.h" />
		<Unit filename="cores/CDC.cpp" />
		<Unit filename="cores/HID.cpp" />
		<Unit filename="cores/HardwareSerial.cpp" />
		<Unit filename="cores/IPAddress.cpp" />
		<Unit filename="cores/PluggableUSB.cpp" />
		<Unit filename="cores/Print.cpp" />
		<Unit filename="cores/Stream.cpp" />
		<Unit filename="cores/Tone.cpp" />
		<Unit filename="cores/USBCore.cpp" />
		<Unit filename="cores/WInterrupts.c">
			<Option compilerVar="CC" />
		</Unit>
		<Unit filename="cores/WMath.cpp" />
		<Unit filename="cores/WString.cpp" />
		<Unit filename="cores/hooks.c">
			<Option compilerVar="CC" />
		</Unit>
		<Unit filename="cores/main.cpp" />
		<Unit filename="cores/new.cpp" />
		<Unit filename="cores/wiring.c">
			<Option compilerVar="CC" />
		</Unit>
		<Unit filename="cores/wiring_analog.c">
			<Option compilerVar="CC" />
		</Unit>
		<Unit filename="cores/wiring_digital.c">
			<Option compilerVar="CC" />
		</Unit>
		<Unit filename="cores/wiring_pulse.c">
			<Option compilerVar="CC" />
		</Unit>
		<Unit filename="cores/wiring_shift.c">
			<Option compilerVar="CC" />
		</Unit>
		<Unit filename="libraries/HID/src/ASCIIMap.h" />
		<Unit filename="libraries/HID/src/BootKeyboard/BootKeyboard.h" />
		<Unit filename="libraries/HID/src/DescriptorPrimitives.h" />
		<Unit filename="libraries/HID/src/HID-Settings.h" />
		<Unit filename="libraries/HID/src/HIDAliases.h" />
		<Unit filename="libraries/HID/src/HIDTables.h" />
		<Unit filename="libraries/HID/src/KeyboardioHID.h" />
		<Unit filename="libraries/HID/src/LEDs.h" />
		<Unit filename="libraries/HID/src/MultiReport/Keyboard.cpp" />
		<Unit filename="libraries/HID/src/MultiReport/Keyboard.h" />
		<Unit filename="libraries/libraries.cpp" />
		<Unit filename="mapping.cpp" />
		<Unit filename="mk1_firmware.cpp" />
		<Unit filename="mk2_firmware.cpp" />
		<Extensions>
			<envvars />
			<code_completion />
			<debugger />
		</Extensions>
	</Project>
</CodeBlocks_project_file>
